
Microsoft Visual Studio Solution File, Format Version 12.00
# Visual Studio 15
VisualStudioVersion = 15.0.28307.1500
MinimumVisualStudioVersion = 10.0.40219.1
Project("{FAE04EC0-301F-11D3-BF4B-00C04F79EFBC}") = "PAWD_Final", "PAWD_Final\PAWD_Final.csproj", "{FB4FB75E-3B4C-4294-9B7D-8832ECA3DB9E}"
EndProject
Global
	GlobalSection(SolutionConfigurationPlatforms) = preSolution
		Debug|Any CPU = Debug|Any CPU
		Release|Any CPU = Release|Any CPU
	EndGlobalSection
	GlobalSection(ProjectConfigurationPlatforms) = postSolution
		{FB4FB75E-3B4C-4294-9B7D-8832ECA3DB9E}.Debug|Any CPU.ActiveCfg = Debug|Any CPU
		{FB4FB75E-3B4C-4294-9B7D-8832ECA3DB9E}.Debug|Any CPU.Build.0 = Debug|Any CPU
		{FB4FB75E-3B4C-4294-9B7D-8832ECA3DB9E}.Release|Any CPU.ActiveCfg = Release|Any CPU
		{FB4FB75E-3B4C-4294-9B7D-8832ECA3DB9E}.Release|Any CPU.Build.0 = Release|Any CPU
	EndGlobalSection
	GlobalSection(SolutionProperties) = preSolution
		HideSolutionNode = FALSE
	EndGlobalSection
	GlobalSection(ExtensibilityGlobals) = postSolution
		SolutionGuid = {4F3AD3EE-D837-46D0-AA03-7308F59252A6}
	EndGlobalSection
EndGlobal
